// !$*UTF8*$!
{
	archiveVersion = 1;
	classes = {
	};
	objectVersion = 55;
	objects = {

/* Begin PBXBuildFile section */
		B312451E28B5F16C0004FE8D /* Tests_iOS.swift in Sources */ = {isa = PBXBuildFile; fileRef = B312451D28B5F16C0004FE8D /* Tests_iOS.swift */; };
		B312452028B5F16C0004FE8D /* Tests_iOSLaunchTests.swift in Sources */ = {isa = PBXBuildFile; fileRef = B312451F28B5F16C0004FE8D /* Tests_iOSLaunchTests.swift */; };
		B312452A28B5F16C0004FE8D /* Tests_macOS.swift in Sources */ = {isa = PBXBuildFile; fileRef = B312452928B5F16C0004FE8D /* Tests_macOS.swift */; };
		B312452C28B5F16C0004FE8D /* Tests_macOSLaunchTests.swift in Sources */ = {isa = PBXBuildFile; fileRef = B312452B28B5F16C0004FE8D /* Tests_macOSLaunchTests.swift */; };
		B312452D28B5F16C0004FE8D /* zxaxApp.swift in Sources */ = {isa = PBXBuildFile; fileRef = B312450528B5F1690004FE8D /* zxaxApp.swift */; };
		B312452E28B5F16C0004FE8D /* zxaxApp.swift in Sources */ = {isa = PBXBuildFile; fileRef = B312450528B5F1690004FE8D /* zxaxApp.swift */; };
		B312452F28B5F16C0004FE8D /* ContentView.swift in Sources */ = {isa = PBXBuildFile; fileRef = B312450628B5F1690004FE8D /* ContentView.swift */; };
		B312453028B5F16C0004FE8D /* ContentView.swift in Sources */ = {isa = PBXBuildFile; fileRef = B312450628B5F1690004FE8D /* ContentView.swift */; };
		B312453128B5F16C0004FE8D /* Assets.xcassets in Resources */ = {isa = PBXBuildFile; fileRef = B312450728B5F16C0004FE8D /* Assets.xcassets */; };
		B312453228B5F16C0004FE8D /* Assets.xcassets in Resources */ = {isa = PBXBuildFile; fileRef = B312450728B5F16C0004FE8D /* Assets.xcassets */; };
/* End PBXBuildFile section */

/* Begin PBXContainerItemProxy section */
		B312451A28B5F16C0004FE8D /* PBXContainerItemProxy */ = {
			isa = PBXContainerItemProxy;
			containerPortal = B312450028B5F1690004FE8D /* Project object */;
			proxyType = 1;
			remoteGlobalIDString = B312450B28B5F16C0004FE8D;
			remoteInfo = "zxax (iOS)";
		};
		B312452628B5F16C0004FE8D /* PBXContainerItemProxy */ = {
			isa = PBXContainerItemProxy;
			containerPortal = B312450028B5F1690004FE8D /* Project object */;
			proxyType = 1;
			remoteGlobalIDString = B312451128B5F16C0004FE8D;
			remoteInfo = "zxax (macOS)";
		};
/* End PBXContainerItemProxy section */

/* Begin PBXFileReference section */
		B312450528B5F1690004FE8D /* zxaxApp.swift */ = {isa = PBXFileReference; lastKnownFileType = sourcecode.swift; path = zxaxApp.swift; sourceTree = "<group>"; };
		B312450628B5F1690004FE8D /* ContentView.swift */ = {isa = PBXFileReference; lastKnownFileType = sourcecode.swift; path = ContentView.swift; sourceTree = "<group>"; };
		B312450728B5F16C0004FE8D /* Assets.xcassets */ = {isa = PBXFileReference; lastKnownFileType = folder.assetcatalog; path = Assets.xcassets; sourceTree = "<group>"; };
		B312450C28B5F16C0004FE8D /* zxax.app */ = {isa = PBXFileReference; explicitFileType = wrapper.application; includeInIndex = 0; path = zxax.app; sourceTree = BUILT_PRODUCTS_DIR; };
		B312451228B5F16C0004FE8D /* zxax.app */ = {isa = PBXFileReference; explicitFileType = wrapper.application; includeInIndex = 0; path = zxax.app; sourceTree = BUILT_PRODUCTS_DIR; };
		B312451428B5F16C0004FE8D /* macOS.entitlements */ = {isa = PBXFileReference; lastKnownFileType = text.plist.entitlements; path = macOS.entitlements; sourceTree = "<group>"; };
		B312451928B5F16C0004FE8D /* Tests iOS.xctest */ = {isa = PBXFileReference; explicitFileType = wrapper.cfbundle; includeInIndex = 0; path = "Tests iOS.xctest"; sourceTree = BUILT_PRODUCTS_DIR; };
		B312451D28B5F16C0004FE8D /* Tests_iOS.swift */ = {isa = PBXFileReference; lastKnownFileType = sourcecode.swift; path = Tests_iOS.swift; sourceTree = "<group>"; };
		B312451F28B5F16C0004FE8D /* Tests_iOSLaunchTests.swift */ = {isa = PBXFileReference; lastKnownFileType = sourcecode.swift; path = Tests_iOSLaunchTests.swift; sourceTree = "<group>"; };
		B312452528B5F16C0004FE8D /* Tests macOS.xctest */ = {isa = PBXFileReference; explicitFileType = wrapper.cfbundle; includeInIndex = 0; path = "Tests macOS.xctest"; sourceTree = BUILT_PRODUCTS_DIR; };
		B312452928B5F16C0004FE8D /* Tests_macOS.swift */ = {isa = PBXFileReference; lastKnownFileType = sourcecode.swift; path = Tests_macOS.swift; sourceTree = "<group>"; };
		B312452B28B5F16C0004FE8D /* Tests_macOSLaunchTests.swift */ = {isa = PBXFileReference; lastKnownFileType = sourcecode.swift; path = Tests_macOSLaunchTests.swift; sourceTree = "<group>"; };
/* End PBXFileReference section */

/* Begin PBXFrameworksBuildPhase section */
		B312450928B5F16C0004FE8D /* Frameworks */ = {
			isa = PBXFrameworksBuildPhase;
			buildActionMask = 2147483647;
			files = (
			);
			runOnlyForDeploymentPostprocessing = 0;
		};
		B312450F28B5F16C0004FE8D /* Frameworks */ = {
			isa = PBXFrameworksBuildPhase;
			buildActionMask = 2147483647;
			files = (
			);
			runOnlyForDeploymentPostprocessing = 0;
		};
		B312451628B5F16C0004FE8D /* Frameworks */ = {
			isa = PBXFrameworksBuildPhase;
			buildActionMask = 2147483647;
			files = (
			);
			runOnlyForDeploymentPostprocessing = 0;
		};
		B312452228B5F16C0004FE8D /* Frameworks */ = {
			isa = PBXFrameworksBuildPhase;
			buildActionMask = 2147483647;
			files = (
			);
			runOnlyForDeploymentPostprocessing = 0;
		};
/* End PBXFrameworksBuildPhase section */

/* Begin PBXGroup section */
		B31244FF28B5F1690004FE8D = {
			isa = PBXGroup;
			children = (
				B312450428B5F1690004FE8D /* Shared */,
				B312451328B5F16C0004FE8D /* macOS */,
				B312451C28B5F16C0004FE8D /* Tests iOS */,
				B312452828B5F16C0004FE8D /* Tests macOS */,
				B312450D28B5F16C0004FE8D /* Products */,
			);
			sourceTree = "<group>";
		};
		B312450428B5F1690004FE8D /* Shared */ = {
			isa = PBXGroup;
			children = (
				B312450528B5F1690004FE8D /* zxaxApp.swift */,
				B312450628B5F1690004FE8D /* ContentView.swift */,
				B312450728B5F16C0004FE8D /* Assets.xcassets */,
			);
			path = Shared;
			sourceTree = "<group>";
		};
		B312450D28B5F16C0004FE8D /* Products */ = {
			isa = PBXGroup;
			children = (
				B312450C28B5F16C0004FE8D /* zxax.app */,
				B312451228B5F16C0004FE8D /* zxax.app */,
				B312451928B5F16C0004FE8D /* Tests iOS.xctest */,
				B312452528B5F16C0004FE8D /* Tests macOS.xctest */,
			);
			name = Products;
			sourceTree = "<group>";
		};
		B312451328B5F16C0004FE8D /* macOS */ = {
			isa = PBXGroup;
			children = (
				B312451428B5F16C0004FE8D /* macOS.entitlements */,
			);
			path = macOS;
			sourceTree = "<group>";
		};
		B312451C28B5F16C0004FE8D /* Tests iOS */ = {
			isa = PBXGroup;
			children = (
				B312451D28B5F16C0004FE8D /* Tests_iOS.swift */,
				B312451F28B5F16C0004FE8D /* Tests_iOSLaunchTests.swift */,
			);
			path = "Tests iOS";
			sourceTree = "<group>";
		};
		B312452828B5F16C0004FE8D /* Tests macOS */ = {
			isa = PBXGroup;
			children = (
				B312452928B5F16C0004FE8D /* Tests_macOS.swift */,
				B312452B28B5F16C0004FE8D /* Tests_macOSLaunchTests.swift */,
			);
			path = "Tests macOS";
			sourceTree = "<group>";
		};
/* End PBXGroup section */

/* Begin PBXNativeTarget section */
		B312450B28B5F16C0004FE8D /* zxax (iOS) */ = {
			isa = PBXNativeTarget;
			buildConfigurationList = B312453528B5F16C0004FE8D /* Build configuration list for PBXNativeTarget "zxax (iOS)" */;
			buildPhases = (
				B312450828B5F16C0004FE8D /* Sources */,
				B312450928B5F16C0004FE8D /* Frameworks */,
				B312450A28B5F16C0004FE8D /* Resources */,
			);
			buildRules = (
			);
			dependencies = (
			);
			name = "zxax (iOS)";
			productName = "zxax (iOS)";
			productReference = B312450C28B5F16C0004FE8D /* zxax.app */;
			productType = "com.apple.product-type.application";
		};
		B312451128B5F16C0004FE8D /* zxax (macOS) */ = {
			isa = PBXNativeTarget;
			buildConfigurationList = B312453828B5F16C0004FE8D /* Build configuration list for PBXNativeTarget "zxax (macOS)" */;
			buildPhases = (
				B312450E28B5F16C0004FE8D /* Sources */,
				B312450F28B5F16C0004FE8D /* Frameworks */,
				B312451028B5F16C0004FE8D /* Resources */,
			);
			buildRules = (
			);
			dependencies = (
			);
			name = "zxax (macOS)";
			productName = "zxax (macOS)";
			productReference = B312451228B5F16C0004FE8D /* zxax.app */;
			productType = "com.apple.product-type.application";
		};
		B312451828B5F16C0004FE8D /* Tests iOS */ = {
			isa = PBXNativeTarget;
			buildConfigurationList = B312453B28B5F16C0004FE8D /* Build configuration list for PBXNativeTarget "Tests iOS" */;
			buildPhases = (
				B312451528B5F16C0004FE8D /* Sources */,
				B312451628B5F16C0004FE8D /* Frameworks */,
				B312451728B5F16C0004FE8D /* Resources */,
			);
			buildRules = (
			);
			dependencies = (
				B312451B28B5F16C0004FE8D /* PBXTargetDependency */,
			);
			name = "Tests iOS";
			productName = "Tests iOS";
			productReference = B312451928B5F16C0004FE8D /* Tests iOS.xctest */;
			productType = "com.apple.product-type.bundle.ui-testing";
		};
		B312452428B5F16C0004FE8D /* Tests macOS */ = {
			isa = PBXNativeTarget;
			buildConfigurationList = B312453E28B5F16C0004FE8D /* Build configuration list for PBXNativeTarget "Tests macOS" */;
			buildPhases = (
				B312452128B5F16C0004FE8D /* Sources */,
				B312452228B5F16C0004FE8D /* Frameworks */,
				B312452328B5F16C0004FE8D /* Resources */,
			);
			buildRules = (
			);
			dependencies = (
				B312452728B5F16C0004FE8D /* PBXTargetDependency */,
			);
			name = "Tests macOS";
			productName = "Tests macOS";
			productReference = B312452528B5F16C0004FE8D /* Tests macOS.xctest */;
			productType = "com.apple.product-type.bundle.ui-testing";
		};
/* End PBXNativeTarget section */

/* Begin PBXProject section */
		B312450028B5F1690004FE8D /* Project object */ = {
			isa = PBXProject;
			attributes = {
				BuildIndependentTargetsInParallel = 1;
				LastSwiftUpdateCheck = 1340;
				LastUpgradeCheck = 1340;
				TargetAttributes = {
					B312450B28B5F16C0004FE8D = {
						CreatedOnToolsVersion = 13.4.1;
					};
					B312451128B5F16C0004FE8D = {
						CreatedOnToolsVersion = 13.4.1;
					};
					B312451828B5F16C0004FE8D = {
						CreatedOnToolsVersion = 13.4.1;
						TestTargetID = B312450B28B5F16C0004FE8D;
					};
					B312452428B5F16C0004FE8D = {
						CreatedOnToolsVersion = 13.4.1;
						TestTargetID = B312451128B5F16C0004FE8D;
					};
				};
			};
			buildConfigurationList = B312450328B5F1690004FE8D /* Build configuration list for PBXProject "zxax" */;
			compatibilityVersion = "Xcode 13.0";
			developmentRegion = en;
			hasScannedForEncodings = 0;
			knownRegions = (
				en,
				Base,
			);
			mainGroup = B31244FF28B5F1690004FE8D;
			productRefGroup = B312450D28B5F16C0004FE8D /* Products */;
			projectDirPath = "";
			projectRoot = "";
			targets = (
				B312450B28B5F16C0004FE8D /* zxax (iOS) */,
				B312451128B5F16C0004FE8D /* zxax (macOS) */,
				B312451828B5F16C0004FE8D /* Tests iOS */,
				B312452428B5F16C0004FE8D /* Tests macOS */,
			);
		};
/* End PBXProject section */

/* Begin PBXResourcesBuildPhase section */
		B312450A28B5F16C0004FE8D /* Resources */ = {
			isa = PBXResourcesBuildPhase;
			buildActionMask = 2147483647;
			files = (
				B312453128B5F16C0004FE8D /* Assets.xcassets in Resources */,
			);
			runOnlyForDeploymentPostprocessing = 0;
		};
		B312451028B5F16C0004FE8D /* Resources */ = {
			isa = PBXResourcesBuildPhase;
			buildActionMask = 2147483647;
			files = (
				B312453228B5F16C0004FE8D /* Assets.xcassets in Resources */,
			);
			runOnlyForDeploymentPostprocessing = 0;
		};
		B312451728B5F16C0004FE8D /* Resources */ = {
			isa = PBXResourcesBuildPhase;
			buildActionMask = 2147483647;
			files = (
			);
			runOnlyForDeploymentPostprocessing = 0;
		};
		B312452328B5F16C0004FE8D /* Resources */ = {
			isa = PBXResourcesBuildPhase;
			buildActionMask = 2147483647;
			files = (
			);
			runOnlyForDeploymentPostprocessing = 0;
		};
/* End PBXResourcesBuildPhase section */

/* Begin PBXSourcesBuildPhase section */
		B312450828B5F16C0004FE8D /* Sources */ = {
			isa = PBXSourcesBuildPhase;
			buildActionMask = 2147483647;
			files = (
				B312452F28B5F16C0004FE8D /* ContentView.swift in Sources */,
				B312452D28B5F16C0004FE8D /* zxaxApp.swift in Sources */,
			);
			runOnlyForDeploymentPostprocessing = 0;
		};
		B312450E28B5F16C0004FE8D /* Sources */ = {
			isa = PBXSourcesBuildPhase;
			buildActionMask = 2147483647;
			files = (
				B312453028B5F16C0004FE8D /* ContentView.swift in Sources */,
				B312452E28B5F16C0004FE8D /* zxaxApp.swift in Sources */,
			);
			runOnlyForDeploymentPostprocessing = 0;
		};
		B312451528B5F16C0004FE8D /* Sources */ = {
			isa = PBXSourcesBuildPhase;
			buildActionMask = 2147483647;
			files = (
				B312452028B5F16C0004FE8D /* Tests_iOSLaunchTests.swift in Sources */,
				B312451E28B5F16C0004FE8D /* Tests_iOS.swift in Sources */,
			);
			runOnlyForDeploymentPostprocessing = 0;
		};
		B312452128B5F16C0004FE8D /* Sources */ = {
			isa = PBXSourcesBuildPhase;
			buildActionMask = 2147483647;
			files = (
				B312452C28B5F16C0004FE8D /* Tests_macOSLaunchTests.swift in Sources */,
				B312452A28B5F16C0004FE8D /* Tests_macOS.swift in Sources */,
			);
			runOnlyForDeploymentPostprocessing = 0;
		};
/* End PBXSourcesBuildPhase section */

/* Begin PBXTargetDependency section */
		B312451B28B5F16C0004FE8D /* PBXTargetDependency */ = {
			isa = PBXTargetDependency;
			target = B312450B28B5F16C0004FE8D /* zxax (iOS) */;
			targetProxy = B312451A28B5F16C0004FE8D /* PBXContainerItemProxy */;
		};
		B312452728B5F16C0004FE8D /* PBXTargetDependency */ = {
			isa = PBXTargetDependency;
			target = B312451128B5F16C0004FE8D /* zxax (macOS) */;
			targetProxy = B312452628B5F16C0004FE8D /* PBXContainerItemProxy */;
		};
/* End PBXTargetDependency section */

/* Begin XCBuildConfiguration section */
		B312453328B5F16C0004FE8D /* Debug */ = {
			isa = XCBuildConfiguration;
			buildSettings = {
				ALWAYS_SEARCH_USER_PATHS = NO;
				CLANG_ANALYZER_NONNULL = YES;
				CLANG_ANALYZER_NUMBER_OBJECT_CONVERSION = YES_AGGRESSIVE;
				CLANG_CXX_LANGUAGE_STANDARD = "gnu++17";
				CLANG_ENABLE_MODULES = YES;
				CLANG_ENABLE_OBJC_ARC = YES;
				CLANG_ENABLE_OBJC_WEAK = YES;
				CLANG_WARN_BLOCK_CAPTURE_AUTORELEASING = YES;
				CLANG_WARN_BOOL_CONVERSION = YES;
				CLANG_WARN_COMMA = YES;
				CLANG_WARN_CONSTANT_CONVERSION = YES;
				CLANG_WARN_DEPRECATED_OBJC_IMPLEMENTATIONS = YES;
				CLANG_WARN_DIRECT_OBJC_ISA_USAGE = YES_ERROR;
				CLANG_WARN_DOCUMENTATION_COMMENTS = YES;
				CLANG_WARN_EMPTY_BODY = YES;
				CLANG_WARN_ENUM_CONVERSION = YES;
				CLANG_WARN_INFINITE_RECURSION = YES;
				CLANG_WARN_INT_CONVERSION = YES;
				CLANG_WARN_NON_LITERAL_NULL_CONVERSION = YES;
				CLANG_WARN_OBJC_IMPLICIT_RETAIN_SELF = YES;
				CLANG_WARN_OBJC_LITERAL_CONVERSION = YES;
				CLANG_WARN_OBJC_ROOT_CLASS = YES_ERROR;
				CLANG_WARN_QUOTED_INCLUDE_IN_FRAMEWORK_HEADER = YES;
				CLANG_WARN_RANGE_LOOP_ANALYSIS = YES;
				CLANG_WARN_STRICT_PROTOTYPES = YES;
				CLANG_WARN_SUSPICIOUS_MOVE = YES;
				CLANG_WARN_UNGUARDED_AVAILABILITY = YES_AGGRESSIVE;
				CLANG_WARN_UNREACHABLE_CODE = YES;
				CLANG_WARN__DUPLICATE_METHOD_MATCH = YES;
				COPY_PHASE_STRIP = NO;
				DEBUG_INFORMATION_FORMAT = dwarf;
				ENABLE_STRICT_OBJC_MSGSEND = YES;
				ENABLE_TESTABILITY = YES;
				GCC_C_LANGUAGE_STANDARD = gnu11;
				GCC_DYNAMIC_NO_PIC = NO;
				GCC_NO_COMMON_BLOCKS = YES;
				GCC_OPTIMIZATION_LEVEL = 0;
				GCC_PREPROCESSOR_DEFINITIONS = (
					"DEBUG=1",
					"$(inherited)",
				);
				GCC_WARN_64_TO_32_BIT_CONVERSION = YES;
				GCC_WARN_ABOUT_RETURN_TYPE = YES_ERROR;
				GCC_WARN_UNDECLARED_SELECTOR = YES;
				GCC_WARN_UNINITIALIZED_AUTOS = YES_AGGRESSIVE;
				GCC_WARN_UNUSED_FUNCTION = YES;
				GCC_WARN_UNUSED_VARIABLE = YES;
				MTL_ENABLE_DEBUG_INFO = INCLUDE_SOURCE;
				MTL_FAST_MATH = YES;
				ONLY_ACTIVE_ARCH = YES;
				SWIFT_ACTIVE_COMPILATION_CONDITIONS = DEBUG;
				SWIFT_OPTIMIZATION_LEVEL = "-Onone";
			};
			name = Debug;
		};
		B312453428B5F16C0004FE8D /* Release */ = {
			isa = XCBuildConfiguration;
			buildSettings = {
				ALWAYS_SEARCH_USER_PATHS = NO;
				CLANG_ANALYZER_NONNULL = YES;
				CLANG_ANALYZER_NUMBER_OBJECT_CONVERSION = YES_AGGRESSIVE;
				CLANG_CXX_LANGUAGE_STANDARD = "gnu++17";
				CLANG_ENABLE_MODULES = YES;
				CLANG_ENABLE_OBJC_ARC = YES;
				CLANG_ENABLE_OBJC_WEAK = YES;
				CLANG_WARN_BLOCK_CAPTURE_AUTORELEASING = YES;
				CLANG_WARN_BOOL_CONVERSION = YES;
				CLANG_WARN_COMMA = YES;
				CLANG_WARN_CONSTANT_CONVERSION = YES;
				CLANG_WARN_DEPRECATED_OBJC_IMPLEMENTATIONS = YES;
				CLANG_WARN_DIRECT_OBJC_ISA_USAGE = YES_ERROR;
				CLANG_WARN_DOCUMENTATION_COMMENTS = YES;
				CLANG_WARN_EMPTY_BODY = YES;
				CLANG_WARN_ENUM_CONVERSION = YES;
				CLANG_WARN_INFINITE_RECURSION = YES;
				CLANG_WARN_INT_CONVERSION = YES;
				CLANG_WARN_NON_LITERAL_NULL_CONVERSION = YES;
				CLANG_WARN_OBJC_IMPLICIT_RETAIN_SELF = YES;
				CLANG_WARN_OBJC_LITERAL_CONVERSION = YES;
				CLANG_WARN_OBJC_ROOT_CLASS = YES_ERROR;
				CLANG_WARN_QUOTED_INCLUDE_IN_FRAMEWORK_HEADER = YES;
				CLANG_WARN_RANGE_LOOP_ANALYSIS = YES;
				CLANG_WARN_STRICT_PROTOTYPES = YES;
				CLANG_WARN_SUSPICIOUS_MOVE = YES;
				CLANG_WARN_UNGUARDED_AVAILABILITY = YES_AGGRESSIVE;
				CLANG_WARN_UNREACHABLE_CODE = YES;
				CLANG_WARN__DUPLICATE_METHOD_MATCH = YES;
				COPY_PHASE_STRIP = NO;
				DEBUG_INFORMATION_FORMAT = "dwarf-with-dsym";
				ENABLE_NS_ASSERTIONS = NO;
				ENABLE_STRICT_OBJC_MSGSEND = YES;
				GCC_C_LANGUAGE_STANDARD = gnu11;
				GCC_NO_COMMON_BLOCKS = YES;
				GCC_WARN_64_TO_32_BIT_CONVERSION = YES;
				GCC_WARN_ABOUT_RETURN_TYPE = YES_ERROR;
				GCC_WARN_UNDECLARED_SELECTOR = YES;
				GCC_WARN_UNINITIALIZED_AUTOS = YES_AGGRESSIVE;
				GCC_WARN_UNUSED_FUNCTION = YES;
				GCC_WARN_UNUSED_VARIABLE = YES;
				MTL_ENABLE_DEBUG_INFO = NO;
				MTL_FAST_MATH = YES;
				SWIFT_COMPILATION_MODE = wholemodule;
				SWIFT_OPTIMIZATION_LEVEL = "-O";
			};
			name = Release;
		};
		B312453628B5F16C0004FE8D /* Debug */ = {
			isa = XCBuildConfiguration;
			buildSettings = {
				ASSETCATALOG_COMPILER_APPICON_NAME = AppIcon;
				ASSETCATALOG_COMPILER_GLOBAL_ACCENT_COLOR_NAME = AccentColor;
				CODE_SIGN_STYLE = Automatic;
				CURRENT_PROJECT_VERSION = 1;
				DEVELOPMENT_TEAM = 934B8YAZ3D;
				ENABLE_PREVIEWS = YES;
				GENERATE_INFOPLIST_FILE = YES;
				INFOPLIST_KEY_UIApplicationSceneManifest_Generation = YES;
				INFOPLIST_KEY_UIApplicationSupportsIndirectInputEvents = YES;
				INFOPLIST_KEY_UILaunchScreen_Generation = YES;
				INFOPLIST_KEY_UISupportedInterfaceOrientations_iPad = "UIInterfaceOrientationPortrait UIInterfaceOrientationPortraitUpsideDown UIInterfaceOrientationLandscapeLeft UIInterfaceOrientationLandscapeRight";
				INFOPLIST_KEY_UISupportedInterfaceOrientations_iPhone = "UIInterfaceOrientationPortrait UIInterfaceOrientationLandscapeLeft UIInterfaceOrientationLandscapeRight";
				IPHONEOS_DEPLOYMENT_TARGET = 15.5;
				LD_RUNPATH_SEARCH_PATHS = (
					"$(inherited)",
					"@executable_path/Frameworks",
				);
				MARKETING_VERSION = 1.0;
				PRODUCT_BUNDLE_IDENTIFIER = com.Teddy.zxax;
				PRODUCT_NAME = zxax;
				SDKROOT = iphoneos;
				SWIFT_EMIT_LOC_STRINGS = YES;
				SWIFT_VERSION = 5.0;
				TARGETED_DEVICE_FAMILY = "1,2";
			};
			name = Debug;
		};
		B312453728B5F16C0004FE8D /* Release */ = {
			isa = XCBuildConfiguration;
			buildSettings = {
				ASSETCATALOG_COMPILER_APPICON_NAME = AppIcon;
				ASSETCATALOG_COMPILER_GLOBAL_ACCENT_COLOR_NAME = AccentColor;
				CODE_SIGN_STYLE = Automatic;
				CURRENT_PROJECT_VERSION = 1;
				DEVELOPMENT_TEAM = 934B8YAZ3D;
				ENABLE_PREVIEWS = YES;
				GENERATE_INFOPLIST_FILE = YES;
				INFOPLIST_KEY_UIApplicationSceneManifest_Generation = YES;
				INFOPLIST_KEY_UIApplicationSupportsIndirectInputEvents = YES;
				INFOPLIST_KEY_UILaunchScreen_Generation = YES;
				INFOPLIST_KEY_UISupportedInterfaceOrientations_iPad = "UIInterfaceOrientationPortrait UIInterfaceOrientationPortraitUpsideDown UIInterfaceOrientationLandscapeLeft UIInterfaceOrientationLandscapeRight";
				INFOPLIST_KEY_UISupportedInterfaceOrientations_iPhone = "UIInterfaceOrientationPortrait UIInterfaceOrientationLandscapeLeft UIInterfaceOrientationLandscapeRight";
				IPHONEOS_DEPLOYMENT_TARGET = 15.5;
				LD_RUNPATH_SEARCH_PATHS = (
					"$(inherited)",
					"@executable_path/Frameworks",
				);
				MARKETING_VERSION = 1.0;
				PRODUCT_BUNDLE_IDENTIFIER = com.Teddy.zxax;
				PRODUCT_NAME = zxax;
				SDKROOT = iphoneos;
				SWIFT_EMIT_LOC_STRINGS = YES;
				SWIFT_VERSION = 5.0;
				TARGETED_DEVICE_FAMILY = "1,2";
				VALIDATE_PRODUCT = YES;
			};
			name = Release;
		};
		B312453928B5F16C0004FE8D /* Debug */ = {
			isa = XCBuildConfiguration;
			buildSettings = {
				ASSETCATALOG_COMPILER_APPICON_NAME = AppIcon;
				ASSETCATALOG_COMPILER_GLOBAL_ACCENT_COLOR_NAME = AccentColor;
				CODE_SIGN_ENTITLEMENTS = macOS/macOS.entitlements;
				CODE_SIGN_STYLE = Automatic;
				COMBINE_HIDPI_IMAGES = YES;
				CURRENT_PROJECT_VERSION = 1;
				DEVELOPMENT_TEAM = 934B8YAZ3D;
				ENABLE_HARDENED_RUNTIME = YES;
				ENABLE_PREVIEWS = YES;
				GENERATE_INFOPLIST_FILE = YES;
				INFOPLIST_KEY_NSHumanReadableCopyright = "";
				LD_RUNPATH_SEARCH_PATHS = (
					"$(inherited)",
					"@executable_path/../Frameworks",
				);
				MACOSX_DEPLOYMENT_TARGET = 12.1;
				MARKETING_VERSION = 1.0;
				PRODUCT_BUNDLE_IDENTIFIER = com.Teddy.zxax;
				PRODUCT_NAME = zxax;
				SDKROOT = macosx;
				SWIFT_EMIT_LOC_STRINGS = YES;
				SWIFT_VERSION = 5.0;
			};
			name = Debug;
		};
		B312453A28B5F16C0004FE8D /* Release */ = {
			isa = XCBuildConfiguration;
			buildSettings = {
				ASSETCATALOG_COMPILER_APPICON_NAME = AppIcon;
				ASSETCATALOG_COMPILER_GLOBAL_ACCENT_COLOR_NAME = AccentColor;
				CODE_SIGN_ENTITLEMENTS = macOS/macOS.entitlements;
				CODE_SIGN_STYLE = Automatic;
				COMBINE_HIDPI_IMAGES = YES;
				CURRENT_PROJECT_VERSION = 1;
				DEVELOPMENT_TEAM = 934B8YAZ3D;
				ENABLE_HARDENED_RUNTIME = YES;
				ENABLE_PREVIEWS = YES;
				GENERATE_INFOPLIST_FILE = YES;
				INFOPLIST_KEY_NSHumanReadableCopyright = "";
				LD_RUNPATH_SEARCH_PATHS = (
					"$(inherited)",
					"@executable_path/../Frameworks",
				);
				MACOSX_DEPLOYMENT_TARGET = 12.1;
				MARKETING_VERSION = 1.0;
				PRODUCT_BUNDLE_IDENTIFIER = com.Teddy.zxax;
				PRODUCT_NAME = zxax;
				SDKROOT = macosx;
				SWIFT_EMIT_LOC_STRINGS = YES;
				SWIFT_VERSION = 5.0;
			};
			name = Release;
		};
		B312453C28B5F16C0004FE8D /* Debug */ = {
			isa = XCBuildConfiguration;
			buildSettings = {
				ALWAYS_EMBED_SWIFT_STANDARD_LIBRARIES = YES;
				CODE_SIGN_STYLE = Automatic;
				CURRENT_PROJECT_VERSION = 1;
				DEVELOPMENT_TEAM = 934B8YAZ3D;
				GENERATE_INFOPLIST_FILE = YES;
				IPHONEOS_DEPLOYMENT_TARGET = 15.5;
				MARKETING_VERSION = 1.0;
				PRODUCT_BUNDLE_IDENTIFIER = "com.Teddy.Tests-iOS";
				PRODUCT_NAME = "$(TARGET_NAME)";
				SDKROOT = iphoneos;
				SWIFT_EMIT_LOC_STRINGS = NO;
				SWIFT_VERSION = 5.0;
				TARGETED_DEVICE_FAMILY = "1,2";
				TEST_TARGET_NAME = "zxax (iOS)";
			};
			name = Debug;
		};
		B312453D28B5F16C0004FE8D /* Release */ = {
			isa = XCBuildConfiguration;
			buildSettings = {
				ALWAYS_EMBED_SWIFT_STANDARD_LIBRARIES = YES;
				CODE_SIGN_STYLE = Automatic;
				CURRENT_PROJECT_VERSION = 1;
				DEVELOPMENT_TEAM = 934B8YAZ3D;
				GENERATE_INFOPLIST_FILE = YES;
				IPHONEOS_DEPLOYMENT_TARGET = 15.5;
				MARKETING_VERSION = 1.0;
				PRODUCT_BUNDLE_IDENTIFIER = "com.Teddy.Tests-iOS";
				PRODUCT_NAME = "$(TARGET_NAME)";
				SDKROOT = iphoneos;
				SWIFT_EMIT_LOC_STRINGS = NO;
				SWIFT_VERSION = 5.0;
				TARGETED_DEVICE_FAMILY = "1,2";
				TEST_TARGET_NAME = "zxax (iOS)";
				VALIDATE_PRODUCT = YES;
			};
			name = Release;
		};
		B312453F28B5F16C0004FE8D /* Debug */ = {
			isa = XCBuildConfiguration;
			buildSettings = {
				ALWAYS_EMBED_SWIFT_STANDARD_LIBRARIES = YES;
				CODE_SIGN_STYLE = Automatic;
				CURRENT_PROJECT_VERSION = 1;
				DEVELOPMENT_TEAM = 934B8YAZ3D;
				GENERATE_INFOPLIST_FILE = YES;
				MACOSX_DEPLOYMENT_TARGET = 12.1;
				MARKETING_VERSION = 1.0;
				PRODUCT_BUNDLE_IDENTIFIER = "com.Teddy.Tests-macOS";
				PRODUCT_NAME = "$(TARGET_NAME)";
				SDKROOT = macosx;
				SWIFT_EMIT_LOC_STRINGS = NO;
				SWIFT_VERSION = 5.0;
				TEST_TARGET_NAME = "zxax (macOS)";
			};
			name = Debug;
		};
		B312454028B5F16C0004FE8D /* Release */ = {
			isa = XCBuildConfiguration;
			buildSettings = {
				ALWAYS_EMBED_SWIFT_STANDARD_LIBRARIES = YES;
				CODE_SIGN_STYLE = Automatic;
				CURRENT_PROJECT_VERSION = 1;
				DEVELOPMENT_TEAM = 934B8YAZ3D;
				GENERATE_INFOPLIST_FILE = YES;
				MACOSX_DEPLOYMENT_TARGET = 12.1;
				MARKETING_VERSION = 1.0;
				PRODUCT_BUNDLE_IDENTIFIER = "com.Teddy.Tests-macOS";
				PRODUCT_NAME = "$(TARGET_NAME)";
				SDKROOT = macosx;
				SWIFT_EMIT_LOC_STRINGS = NO;
				SWIFT_VERSION = 5.0;
				TEST_TARGET_NAME = "zxax (macOS)";
			};
			name = Release;
		};
/* End XCBuildConfiguration section */

/* Begin XCConfigurationList section */
		B312450328B5F1690004FE8D /* Build configuration list for PBXProject "zxax" */ = {
			isa = XCConfigurationList;
			buildConfigurations = (
				B312453328B5F16C0004FE8D /* Debug */,
				B312453428B5F16C0004FE8D /* Release */,
			);
			defaultConfigurationIsVisible = 0;
			defaultConfigurationName = Release;
		};
		B312453528B5F16C0004FE8D /* Build configuration list for PBXNativeTarget "zxax (iOS)" */ = {
			isa = XCConfigurationList;
			buildConfigurations = (
				B312453628B5F16C0004FE8D /* Debug */,
				B312453728B5F16C0004FE8D /* Release */,
			);
			defaultConfigurationIsVisible = 0;
			defaultConfigurationName = Release;
		};
		B312453828B5F16C0004FE8D /* Build configuration list for PBXNativeTarget "zxax (macOS)" */ = {
			isa = XCConfigurationList;
			buildConfigurations = (
				B312453928B5F16C0004FE8D /* Debug */,
				B312453A28B5F16C0004FE8D /* Release */,
			);
			defaultConfigurationIsVisible = 0;
			defaultConfigurationName = Release;
		};
		B312453B28B5F16C0004FE8D /* Build configuration list for PBXNativeTarget "Tests iOS" */ = {
			isa = XCConfigurationList;
			buildConfigurations = (
				B312453C28B5F16C0004FE8D /* Debug */,
				B312453D28B5F16C0004FE8D /* Release */,
			);
			defaultConfigurationIsVisible = 0;
			defaultConfigurationName = Release;
		};
		B312453E28B5F16C0004FE8D /* Build configuration list for PBXNativeTarget "Tests macOS" */ = {
			isa = XCConfigurationList;
			buildConfigurations = (
				B312453F28B5F16C0004FE8D /* Debug */,
				B312454028B5F16C0004FE8D /* Release */,
			);
			defaultConfigurationIsVisible = 0;
			defaultConfigurationName = Release;
		};
/* End XCConfigurationList section */
	};
	rootObject = B312450028B5F1690004FE8D /* Project object */;
}
