// !$*UTF8*$!
{
	archiveVersion = 1;
	classes = {
	};
	objectVersion = 55;
	objects = {

/* Begin PBXBuildFile section */
		B3279B4828AD045A00294FA6 /* AppDelegate.swift in Sources */ = {isa = PBXBuildFile; fileRef = B3279B4728AD045A00294FA6 /* AppDelegate.swift */; };
		B3279B4A28AD045A00294FA6 /* SceneDelegate.swift in Sources */ = {isa = PBXBuildFile; fileRef = B3279B4928AD045A00294FA6 /* SceneDelegate.swift */; };
		B3279B4C28AD045A00294FA6 /* ViewController.swift in Sources */ = {isa = PBXBuildFile; fileRef = B3279B4B28AD045A00294FA6 /* ViewController.swift */; };
		B3279B4F28AD045A00294FA6 /* Main.storyboard in Resources */ = {isa = PBXBuildFile; fileRef = B3279B4D28AD045A00294FA6 /* Main.storyboard */; };
		B3279B5128AD045C00294FA6 /* Assets.xcassets in Resources */ = {isa = PBXBuildFile; fileRef = B3279B5028AD045C00294FA6 /* Assets.xcassets */; };
		B3279B5428AD045C00294FA6 /* LaunchScreen.storyboard in Resources */ = {isa = PBXBuildFile; fileRef = B3279B5228AD045C00294FA6 /* LaunchScreen.storyboard */; };
		B3279B5F28AD045C00294FA6 /* OneboardControllerTests.swift in Sources */ = {isa = PBXBuildFile; fileRef = B3279B5E28AD045C00294FA6 /* OneboardControllerTests.swift */; };
		B3279B6928AD045C00294FA6 /* OneboardControllerUITests.swift in Sources */ = {isa = PBXBuildFile; fileRef = B3279B6828AD045C00294FA6 /* OneboardControllerUITests.swift */; };
		B3279B6B28AD045C00294FA6 /* OneboardControllerUITestsLaunchTests.swift in Sources */ = {isa = PBXBuildFile; fileRef = B3279B6A28AD045C00294FA6 /* OneboardControllerUITestsLaunchTests.swift */; };
/* End PBXBuildFile section */

/* Begin PBXContainerItemProxy section */
		B3279B5B28AD045C00294FA6 /* PBXContainerItemProxy */ = {
			isa = PBXContainerItemProxy;
			containerPortal = B3279B3C28AD045A00294FA6 /* Project object */;
			proxyType = 1;
			remoteGlobalIDString = B3279B4328AD045A00294FA6;
			remoteInfo = OneboardController;
		};
		B3279B6528AD045C00294FA6 /* PBXContainerItemProxy */ = {
			isa = PBXContainerItemProxy;
			containerPortal = B3279B3C28AD045A00294FA6 /* Project object */;
			proxyType = 1;
			remoteGlobalIDString = B3279B4328AD045A00294FA6;
			remoteInfo = OneboardController;
		};
/* End PBXContainerItemProxy section */

/* Begin PBXFileReference section */
		B3279B4428AD045A00294FA6 /* OneboardController.app */ = {isa = PBXFileReference; explicitFileType = wrapper.application; includeInIndex = 0; path = OneboardController.app; sourceTree = BUILT_PRODUCTS_DIR; };
		B3279B4728AD045A00294FA6 /* AppDelegate.swift */ = {isa = PBXFileReference; lastKnownFileType = sourcecode.swift; path = AppDelegate.swift; sourceTree = "<group>"; };
		B3279B4928AD045A00294FA6 /* SceneDelegate.swift */ = {isa = PBXFileReference; lastKnownFileType = sourcecode.swift; path = SceneDelegate.swift; sourceTree = "<group>"; };
		B3279B4B28AD045A00294FA6 /* ViewController.swift */ = {isa = PBXFileReference; lastKnownFileType = sourcecode.swift; path = ViewController.swift; sourceTree = "<group>"; };
		B3279B4E28AD045A00294FA6 /* Base */ = {isa = PBXFileReference; lastKnownFileType = file.storyboard; name = Base; path = Base.lproj/Main.storyboard; sourceTree = "<group>"; };
		B3279B5028AD045C00294FA6 /* Assets.xcassets */ = {isa = PBXFileReference; lastKnownFileType = folder.assetcatalog; path = Assets.xcassets; sourceTree = "<group>"; };
		B3279B5328AD045C00294FA6 /* Base */ = {isa = PBXFileReference; lastKnownFileType = file.storyboard; name = Base; path = Base.lproj/LaunchScreen.storyboard; sourceTree = "<group>"; };
		B3279B5528AD045C00294FA6 /* Info.plist */ = {isa = PBXFileReference; lastKnownFileType = text.plist.xml; path = Info.plist; sourceTree = "<group>"; };
		B3279B5A28AD045C00294FA6 /* OneboardControllerTests.xctest */ = {isa = PBXFileReference; explicitFileType = wrapper.cfbundle; includeInIndex = 0; path = OneboardControllerTests.xctest; sourceTree = BUILT_PRODUCTS_DIR; };
		B3279B5E28AD045C00294FA6 /* OneboardControllerTests.swift */ = {isa = PBXFileReference; lastKnownFileType = sourcecode.swift; path = OneboardControllerTests.swift; sourceTree = "<group>"; };
		B3279B6428AD045C00294FA6 /* OneboardControllerUITests.xctest */ = {isa = PBXFileReference; explicitFileType = wrapper.cfbundle; includeInIndex = 0; path = OneboardControllerUITests.xctest; sourceTree = BUILT_PRODUCTS_DIR; };
		B3279B6828AD045C00294FA6 /* OneboardControllerUITests.swift */ = {isa = PBXFileReference; lastKnownFileType = sourcecode.swift; path = OneboardControllerUITests.swift; sourceTree = "<group>"; };
		B3279B6A28AD045C00294FA6 /* OneboardControllerUITestsLaunchTests.swift */ = {isa = PBXFileReference; lastKnownFileType = sourcecode.swift; path = OneboardControllerUITestsLaunchTests.swift; sourceTree = "<group>"; };
/* End PBXFileReference section */

/* Begin PBXFrameworksBuildPhase section */
		B3279B4128AD045A00294FA6 /* Frameworks */ = {
			isa = PBXFrameworksBuildPhase;
			buildActionMask = 2147483647;
			files = (
			);
			runOnlyForDeploymentPostprocessing = 0;
		};
		B3279B5728AD045C00294FA6 /* Frameworks */ = {
			isa = PBXFrameworksBuildPhase;
			buildActionMask = 2147483647;
			files = (
			);
			runOnlyForDeploymentPostprocessing = 0;
		};
		B3279B6128AD045C00294FA6 /* Frameworks */ = {
			isa = PBXFrameworksBuildPhase;
			buildActionMask = 2147483647;
			files = (
			);
			runOnlyForDeploymentPostprocessing = 0;
		};
/* End PBXFrameworksBuildPhase section */

/* Begin PBXGroup section */
		B3279B3B28AD045A00294FA6 = {
			isa = PBXGroup;
			children = (
				B3279B4628AD045A00294FA6 /* OneboardController */,
				B3279B5D28AD045C00294FA6 /* OneboardControllerTests */,
				B3279B6728AD045C00294FA6 /* OneboardControllerUITests */,
				B3279B4528AD045A00294FA6 /* Products */,
			);
			sourceTree = "<group>";
		};
		B3279B4528AD045A00294FA6 /* Products */ = {
			isa = PBXGroup;
			children = (
				B3279B4428AD045A00294FA6 /* OneboardController.app */,
				B3279B5A28AD045C00294FA6 /* OneboardControllerTests.xctest */,
				B3279B6428AD045C00294FA6 /* OneboardControllerUITests.xctest */,
			);
			name = Products;
			sourceTree = "<group>";
		};
		B3279B4628AD045A00294FA6 /* OneboardController */ = {
			isa = PBXGroup;
			children = (
				B3279B4728AD045A00294FA6 /* AppDelegate.swift */,
				B3279B4928AD045A00294FA6 /* SceneDelegate.swift */,
				B3279B4B28AD045A00294FA6 /* ViewController.swift */,
				B3279B4D28AD045A00294FA6 /* Main.storyboard */,
				B3279B5028AD045C00294FA6 /* Assets.xcassets */,
				B3279B5228AD045C00294FA6 /* LaunchScreen.storyboard */,
				B3279B5528AD045C00294FA6 /* Info.plist */,
			);
			path = OneboardController;
			sourceTree = "<group>";
		};
		B3279B5D28AD045C00294FA6 /* OneboardControllerTests */ = {
			isa = PBXGroup;
			children = (
				B3279B5E28AD045C00294FA6 /* OneboardControllerTests.swift */,
			);
			path = OneboardControllerTests;
			sourceTree = "<group>";
		};
		B3279B6728AD045C00294FA6 /* OneboardControllerUITests */ = {
			isa = PBXGroup;
			children = (
				B3279B6828AD045C00294FA6 /* OneboardControllerUITests.swift */,
				B3279B6A28AD045C00294FA6 /* OneboardControllerUITestsLaunchTests.swift */,
			);
			path = OneboardControllerUITests;
			sourceTree = "<group>";
		};
/* End PBXGroup section */

/* Begin PBXNativeTarget section */
		B3279B4328AD045A00294FA6 /* OneboardController */ = {
			isa = PBXNativeTarget;
			buildConfigurationList = B3279B6E28AD045C00294FA6 /* Build configuration list for PBXNativeTarget "OneboardController" */;
			buildPhases = (
				B3279B4028AD045A00294FA6 /* Sources */,
				B3279B4128AD045A00294FA6 /* Frameworks */,
				B3279B4228AD045A00294FA6 /* Resources */,
			);
			buildRules = (
			);
			dependencies = (
			);
			name = OneboardController;
			productName = OneboardController;
			productReference = B3279B4428AD045A00294FA6 /* OneboardController.app */;
			productType = "com.apple.product-type.application";
		};
		B3279B5928AD045C00294FA6 /* OneboardControllerTests */ = {
			isa = PBXNativeTarget;
			buildConfigurationList = B3279B7128AD045C00294FA6 /* Build configuration list for PBXNativeTarget "OneboardControllerTests" */;
			buildPhases = (
				B3279B5628AD045C00294FA6 /* Sources */,
				B3279B5728AD045C00294FA6 /* Frameworks */,
				B3279B5828AD045C00294FA6 /* Resources */,
			);
			buildRules = (
			);
			dependencies = (
				B3279B5C28AD045C00294FA6 /* PBXTargetDependency */,
			);
			name = OneboardControllerTests;
			productName = OneboardControllerTests;
			productReference = B3279B5A28AD045C00294FA6 /* OneboardControllerTests.xctest */;
			productType = "com.apple.product-type.bundle.unit-test";
		};
		B3279B6328AD045C00294FA6 /* OneboardControllerUITests */ = {
			isa = PBXNativeTarget;
			buildConfigurationList = B3279B7428AD045C00294FA6 /* Build configuration list for PBXNativeTarget "OneboardControllerUITests" */;
			buildPhases = (
				B3279B6028AD045C00294FA6 /* Sources */,
				B3279B6128AD045C00294FA6 /* Frameworks */,
				B3279B6228AD045C00294FA6 /* Resources */,
			);
			buildRules = (
			);
			dependencies = (
				B3279B6628AD045C00294FA6 /* PBXTargetDependency */,
			);
			name = OneboardControllerUITests;
			productName = OneboardControllerUITests;
			productReference = B3279B6428AD045C00294FA6 /* OneboardControllerUITests.xctest */;
			productType = "com.apple.product-type.bundle.ui-testing";
		};
/* End PBXNativeTarget section */

/* Begin PBXProject section */
		B3279B3C28AD045A00294FA6 /* Project object */ = {
			isa = PBXProject;
			attributes = {
				BuildIndependentTargetsInParallel = 1;
				LastSwiftUpdateCheck = 1340;
				LastUpgradeCheck = 1340;
				TargetAttributes = {
					B3279B4328AD045A00294FA6 = {
						CreatedOnToolsVersion = 13.4.1;
					};
					B3279B5928AD045C00294FA6 = {
						CreatedOnToolsVersion = 13.4.1;
						TestTargetID = B3279B4328AD045A00294FA6;
					};
					B3279B6328AD045C00294FA6 = {
						CreatedOnToolsVersion = 13.4.1;
						TestTargetID = B3279B4328AD045A00294FA6;
					};
				};
			};
			buildConfigurationList = B3279B3F28AD045A00294FA6 /* Build configuration list for PBXProject "OneboardController" */;
			compatibilityVersion = "Xcode 13.0";
			developmentRegion = en;
			hasScannedForEncodings = 0;
			knownRegions = (
				en,
				Base,
			);
			mainGroup = B3279B3B28AD045A00294FA6;
			productRefGroup = B3279B4528AD045A00294FA6 /* Products */;
			projectDirPath = "";
			projectRoot = "";
			targets = (
				B3279B4328AD045A00294FA6 /* OneboardController */,
				B3279B5928AD045C00294FA6 /* OneboardControllerTests */,
				B3279B6328AD045C00294FA6 /* OneboardControllerUITests */,
			);
		};
/* End PBXProject section */

/* Begin PBXResourcesBuildPhase section */
		B3279B4228AD045A00294FA6 /* Resources */ = {
			isa = PBXResourcesBuildPhase;
			buildActionMask = 2147483647;
			files = (
				B3279B5428AD045C00294FA6 /* LaunchScreen.storyboard in Resources */,
				B3279B5128AD045C00294FA6 /* Assets.xcassets in Resources */,
				B3279B4F28AD045A00294FA6 /* Main.storyboard in Resources */,
			);
			runOnlyForDeploymentPostprocessing = 0;
		};
		B3279B5828AD045C00294FA6 /* Resources */ = {
			isa = PBXResourcesBuildPhase;
			buildActionMask = 2147483647;
			files = (
			);
			runOnlyForDeploymentPostprocessing = 0;
		};
		B3279B6228AD045C00294FA6 /* Resources */ = {
			isa = PBXResourcesBuildPhase;
			buildActionMask = 2147483647;
			files = (
			);
			runOnlyForDeploymentPostprocessing = 0;
		};
/* End PBXResourcesBuildPhase section */

/* Begin PBXSourcesBuildPhase section */
		B3279B4028AD045A00294FA6 /* Sources */ = {
			isa = PBXSourcesBuildPhase;
			buildActionMask = 2147483647;
			files = (
				B3279B4C28AD045A00294FA6 /* ViewController.swift in Sources */,
				B3279B4828AD045A00294FA6 /* AppDelegate.swift in Sources */,
				B3279B4A28AD045A00294FA6 /* SceneDelegate.swift in Sources */,
			);
			runOnlyForDeploymentPostprocessing = 0;
		};
		B3279B5628AD045C00294FA6 /* Sources */ = {
			isa = PBXSourcesBuildPhase;
			buildActionMask = 2147483647;
			files = (
				B3279B5F28AD045C00294FA6 /* OneboardControllerTests.swift in Sources */,
			);
			runOnlyForDeploymentPostprocessing = 0;
		};
		B3279B6028AD045C00294FA6 /* Sources */ = {
			isa = PBXSourcesBuildPhase;
			buildActionMask = 2147483647;
			files = (
				B3279B6B28AD045C00294FA6 /* OneboardControllerUITestsLaunchTests.swift in Sources */,
				B3279B6928AD045C00294FA6 /* OneboardControllerUITests.swift in Sources */,
			);
			runOnlyForDeploymentPostprocessing = 0;
		};
/* End PBXSourcesBuildPhase section */

/* Begin PBXTargetDependency section */
		B3279B5C28AD045C00294FA6 /* PBXTargetDependency */ = {
			isa = PBXTargetDependency;
			target = B3279B4328AD045A00294FA6 /* OneboardController */;
			targetProxy = B3279B5B28AD045C00294FA6 /* PBXContainerItemProxy */;
		};
		B3279B6628AD045C00294FA6 /* PBXTargetDependency */ = {
			isa = PBXTargetDependency;
			target = B3279B4328AD045A00294FA6 /* OneboardController */;
			targetProxy = B3279B6528AD045C00294FA6 /* PBXContainerItemProxy */;
		};
/* End PBXTargetDependency section */

/* Begin PBXVariantGroup section */
		B3279B4D28AD045A00294FA6 /* Main.storyboard */ = {
			isa = PBXVariantGroup;
			children = (
				B3279B4E28AD045A00294FA6 /* Base */,
			);
			name = Main.storyboard;
			sourceTree = "<group>";
		};
		B3279B5228AD045C00294FA6 /* LaunchScreen.storyboard */ = {
			isa = PBXVariantGroup;
			children = (
				B3279B5328AD045C00294FA6 /* Base */,
			);
			name = LaunchScreen.storyboard;
			sourceTree = "<group>";
		};
/* End PBXVariantGroup section */

/* Begin XCBuildConfiguration section */
		B3279B6C28AD045C00294FA6 /* Debug */ = {
			isa = XCBuildConfiguration;
			buildSettings = {
				ALWAYS_SEARCH_USER_PATHS = NO;
				CLANG_ANALYZER_NONNULL = YES;
				CLANG_ANALYZER_NUMBER_OBJECT_CONVERSION = YES_AGGRESSIVE;
				CLANG_CXX_LANGUAGE_STANDARD = "gnu++17";
				CLANG_ENABLE_MODULES = YES;
				CLANG_ENABLE_OBJC_ARC = YES;
				CLANG_ENABLE_OBJC_WEAK = YES;
				CLANG_WARN_BLOCK_CAPTURE_AUTORELEASING = YES;
				CLANG_WARN_BOOL_CONVERSION = YES;
				CLANG_WARN_COMMA = YES;
				CLANG_WARN_CONSTANT_CONVERSION = YES;
				CLANG_WARN_DEPRECATED_OBJC_IMPLEMENTATIONS = YES;
				CLANG_WARN_DIRECT_OBJC_ISA_USAGE = YES_ERROR;
				CLANG_WARN_DOCUMENTATION_COMMENTS = YES;
				CLANG_WARN_EMPTY_BODY = YES;
				CLANG_WARN_ENUM_CONVERSION = YES;
				CLANG_WARN_INFINITE_RECURSION = YES;
				CLANG_WARN_INT_CONVERSION = YES;
				CLANG_WARN_NON_LITERAL_NULL_CONVERSION = YES;
				CLANG_WARN_OBJC_IMPLICIT_RETAIN_SELF = YES;
				CLANG_WARN_OBJC_LITERAL_CONVERSION = YES;
				CLANG_WARN_OBJC_ROOT_CLASS = YES_ERROR;
				CLANG_WARN_QUOTED_INCLUDE_IN_FRAMEWORK_HEADER = YES;
				CLANG_WARN_RANGE_LOOP_ANALYSIS = YES;
				CLANG_WARN_STRICT_PROTOTYPES = YES;
				CLANG_WARN_SUSPICIOUS_MOVE = YES;
				CLANG_WARN_UNGUARDED_AVAILABILITY = YES_AGGRESSIVE;
				CLANG_WARN_UNREACHABLE_CODE = YES;
				CLANG_WARN__DUPLICATE_METHOD_MATCH = YES;
				COPY_PHASE_STRIP = NO;
				DEBUG_INFORMATION_FORMAT = dwarf;
				ENABLE_STRICT_OBJC_MSGSEND = YES;
				ENABLE_TESTABILITY = YES;
				GCC_C_LANGUAGE_STANDARD = gnu11;
				GCC_DYNAMIC_NO_PIC = NO;
				GCC_NO_COMMON_BLOCKS = YES;
				GCC_OPTIMIZATION_LEVEL = 0;
				GCC_PREPROCESSOR_DEFINITIONS = (
					"DEBUG=1",
					"$(inherited)",
				);
				GCC_WARN_64_TO_32_BIT_CONVERSION = YES;
				GCC_WARN_ABOUT_RETURN_TYPE = YES_ERROR;
				GCC_WARN_UNDECLARED_SELECTOR = YES;
				GCC_WARN_UNINITIALIZED_AUTOS = YES_AGGRESSIVE;
				GCC_WARN_UNUSED_FUNCTION = YES;
				GCC_WARN_UNUSED_VARIABLE = YES;
				IPHONEOS_DEPLOYMENT_TARGET = 15.5;
				MTL_ENABLE_DEBUG_INFO = INCLUDE_SOURCE;
				MTL_FAST_MATH = YES;
				ONLY_ACTIVE_ARCH = YES;
				SDKROOT = iphoneos;
				SWIFT_ACTIVE_COMPILATION_CONDITIONS = DEBUG;
				SWIFT_OPTIMIZATION_LEVEL = "-Onone";
			};
			name = Debug;
		};
		B3279B6D28AD045C00294FA6 /* Release */ = {
			isa = XCBuildConfiguration;
			buildSettings = {
				ALWAYS_SEARCH_USER_PATHS = NO;
				CLANG_ANALYZER_NONNULL = YES;
				CLANG_ANALYZER_NUMBER_OBJECT_CONVERSION = YES_AGGRESSIVE;
				CLANG_CXX_LANGUAGE_STANDARD = "gnu++17";
				CLANG_ENABLE_MODULES = YES;
				CLANG_ENABLE_OBJC_ARC = YES;
				CLANG_ENABLE_OBJC_WEAK = YES;
				CLANG_WARN_BLOCK_CAPTURE_AUTORELEASING = YES;
				CLANG_WARN_BOOL_CONVERSION = YES;
				CLANG_WARN_COMMA = YES;
				CLANG_WARN_CONSTANT_CONVERSION = YES;
				CLANG_WARN_DEPRECATED_OBJC_IMPLEMENTATIONS = YES;
				CLANG_WARN_DIRECT_OBJC_ISA_USAGE = YES_ERROR;
				CLANG_WARN_DOCUMENTATION_COMMENTS = YES;
				CLANG_WARN_EMPTY_BODY = YES;
				CLANG_WARN_ENUM_CONVERSION = YES;
				CLANG_WARN_INFINITE_RECURSION = YES;
				CLANG_WARN_INT_CONVERSION = YES;
				CLANG_WARN_NON_LITERAL_NULL_CONVERSION = YES;
				CLANG_WARN_OBJC_IMPLICIT_RETAIN_SELF = YES;
				CLANG_WARN_OBJC_LITERAL_CONVERSION = YES;
				CLANG_WARN_OBJC_ROOT_CLASS = YES_ERROR;
				CLANG_WARN_QUOTED_INCLUDE_IN_FRAMEWORK_HEADER = YES;
				CLANG_WARN_RANGE_LOOP_ANALYSIS = YES;
				CLANG_WARN_STRICT_PROTOTYPES = YES;
				CLANG_WARN_SUSPICIOUS_MOVE = YES;
				CLANG_WARN_UNGUARDED_AVAILABILITY = YES_AGGRESSIVE;
				CLANG_WARN_UNREACHABLE_CODE = YES;
				CLANG_WARN__DUPLICATE_METHOD_MATCH = YES;
				COPY_PHASE_STRIP = NO;
				DEBUG_INFORMATION_FORMAT = "dwarf-with-dsym";
				ENABLE_NS_ASSERTIONS = NO;
				ENABLE_STRICT_OBJC_MSGSEND = YES;
				GCC_C_LANGUAGE_STANDARD = gnu11;
				GCC_NO_COMMON_BLOCKS = YES;
				GCC_WARN_64_TO_32_BIT_CONVERSION = YES;
				GCC_WARN_ABOUT_RETURN_TYPE = YES_ERROR;
				GCC_WARN_UNDECLARED_SELECTOR = YES;
				GCC_WARN_UNINITIALIZED_AUTOS = YES_AGGRESSIVE;
				GCC_WARN_UNUSED_FUNCTION = YES;
				GCC_WARN_UNUSED_VARIABLE = YES;
				IPHONEOS_DEPLOYMENT_TARGET = 15.5;
				MTL_ENABLE_DEBUG_INFO = NO;
				MTL_FAST_MATH = YES;
				SDKROOT = iphoneos;
				SWIFT_COMPILATION_MODE = wholemodule;
				SWIFT_OPTIMIZATION_LEVEL = "-O";
				VALIDATE_PRODUCT = YES;
			};
			name = Release;
		};
		B3279B6F28AD045C00294FA6 /* Debug */ = {
			isa = XCBuildConfiguration;
			buildSettings = {
				ASSETCATALOG_COMPILER_APPICON_NAME = AppIcon;
				ASSETCATALOG_COMPILER_GLOBAL_ACCENT_COLOR_NAME = AccentColor;
				CODE_SIGN_STYLE = Automatic;
				CURRENT_PROJECT_VERSION = 1;
				DEVELOPMENT_TEAM = 934B8YAZ3D;
				GENERATE_INFOPLIST_FILE = YES;
				INFOPLIST_FILE = OneboardController/Info.plist;
				INFOPLIST_KEY_UIApplicationSupportsIndirectInputEvents = YES;
				INFOPLIST_KEY_UILaunchStoryboardName = LaunchScreen;
				INFOPLIST_KEY_UIMainStoryboardFile = Main;
				INFOPLIST_KEY_UISupportedInterfaceOrientations_iPad = "UIInterfaceOrientationPortrait UIInterfaceOrientationPortraitUpsideDown UIInterfaceOrientationLandscapeLeft UIInterfaceOrientationLandscapeRight";
				INFOPLIST_KEY_UISupportedInterfaceOrientations_iPhone = "UIInterfaceOrientationPortrait UIInterfaceOrientationLandscapeLeft UIInterfaceOrientationLandscapeRight";
				LD_RUNPATH_SEARCH_PATHS = (
					"$(inherited)",
					"@executable_path/Frameworks",
				);
				MARKETING_VERSION = 1.0;
				PRODUCT_BUNDLE_IDENTIFIER = com.Teddy.OneboardController;
				PRODUCT_NAME = "$(TARGET_NAME)";
				SWIFT_EMIT_LOC_STRINGS = YES;
				SWIFT_VERSION = 5.0;
				TARGETED_DEVICE_FAMILY = "1,2";
			};
			name = Debug;
		};
		B3279B7028AD045C00294FA6 /* Release */ = {
			isa = XCBuildConfiguration;
			buildSettings = {
				ASSETCATALOG_COMPILER_APPICON_NAME = AppIcon;
				ASSETCATALOG_COMPILER_GLOBAL_ACCENT_COLOR_NAME = AccentColor;
				CODE_SIGN_STYLE = Automatic;
				CURRENT_PROJECT_VERSION = 1;
				DEVELOPMENT_TEAM = 934B8YAZ3D;
				GENERATE_INFOPLIST_FILE = YES;
				INFOPLIST_FILE = OneboardController/Info.plist;
				INFOPLIST_KEY_UIApplicationSupportsIndirectInputEvents = YES;
				INFOPLIST_KEY_UILaunchStoryboardName = LaunchScreen;
				INFOPLIST_KEY_UIMainStoryboardFile = Main;
				INFOPLIST_KEY_UISupportedInterfaceOrientations_iPad = "UIInterfaceOrientationPortrait UIInterfaceOrientationPortraitUpsideDown UIInterfaceOrientationLandscapeLeft UIInterfaceOrientationLandscapeRight";
				INFOPLIST_KEY_UISupportedInterfaceOrientations_iPhone = "UIInterfaceOrientationPortrait UIInterfaceOrientationLandscapeLeft UIInterfaceOrientationLandscapeRight";
				LD_RUNPATH_SEARCH_PATHS = (
					"$(inherited)",
					"@executable_path/Frameworks",
				);
				MARKETING_VERSION = 1.0;
				PRODUCT_BUNDLE_IDENTIFIER = com.Teddy.OneboardController;
				PRODUCT_NAME = "$(TARGET_NAME)";
				SWIFT_EMIT_LOC_STRINGS = YES;
				SWIFT_VERSION = 5.0;
				TARGETED_DEVICE_FAMILY = "1,2";
			};
			name = Release;
		};
		B3279B7228AD045C00294FA6 /* Debug */ = {
			isa = XCBuildConfiguration;
			buildSettings = {
				ALWAYS_EMBED_SWIFT_STANDARD_LIBRARIES = YES;
				BUNDLE_LOADER = "$(TEST_HOST)";
				CODE_SIGN_STYLE = Automatic;
				CURRENT_PROJECT_VERSION = 1;
				DEVELOPMENT_TEAM = 934B8YAZ3D;
				GENERATE_INFOPLIST_FILE = YES;
				IPHONEOS_DEPLOYMENT_TARGET = 15.5;
				MARKETING_VERSION = 1.0;
				PRODUCT_BUNDLE_IDENTIFIER = com.Teddy.OneboardControllerTests;
				PRODUCT_NAME = "$(TARGET_NAME)";
				SWIFT_EMIT_LOC_STRINGS = NO;
				SWIFT_VERSION = 5.0;
				TARGETED_DEVICE_FAMILY = "1,2";
				TEST_HOST = "$(BUILT_PRODUCTS_DIR)/OneboardController.app/OneboardController";
			};
			name = Debug;
		};
		B3279B7328AD045C00294FA6 /* Release */ = {
			isa = XCBuildConfiguration;
			buildSettings = {
				ALWAYS_EMBED_SWIFT_STANDARD_LIBRARIES = YES;
				BUNDLE_LOADER = "$(TEST_HOST)";
				CODE_SIGN_STYLE = Automatic;
				CURRENT_PROJECT_VERSION = 1;
				DEVELOPMENT_TEAM = 934B8YAZ3D;
				GENERATE_INFOPLIST_FILE = YES;
				IPHONEOS_DEPLOYMENT_TARGET = 15.5;
				MARKETING_VERSION = 1.0;
				PRODUCT_BUNDLE_IDENTIFIER = com.Teddy.OneboardControllerTests;
				PRODUCT_NAME = "$(TARGET_NAME)";
				SWIFT_EMIT_LOC_STRINGS = NO;
				SWIFT_VERSION = 5.0;
				TARGETED_DEVICE_FAMILY = "1,2";
				TEST_HOST = "$(BUILT_PRODUCTS_DIR)/OneboardController.app/OneboardController";
			};
			name = Release;
		};
		B3279B7528AD045C00294FA6 /* Debug */ = {
			isa = XCBuildConfiguration;
			buildSettings = {
				ALWAYS_EMBED_SWIFT_STANDARD_LIBRARIES = YES;
				CODE_SIGN_STYLE = Automatic;
				CURRENT_PROJECT_VERSION = 1;
				DEVELOPMENT_TEAM = 934B8YAZ3D;
				GENERATE_INFOPLIST_FILE = YES;
				MARKETING_VERSION = 1.0;
				PRODUCT_BUNDLE_IDENTIFIER = com.Teddy.OneboardControllerUITests;
				PRODUCT_NAME = "$(TARGET_NAME)";
				SWIFT_EMIT_LOC_STRINGS = NO;
				SWIFT_VERSION = 5.0;
				TARGETED_DEVICE_FAMILY = "1,2";
				TEST_TARGET_NAME = OneboardController;
			};
			name = Debug;
		};
		B3279B7628AD045C00294FA6 /* Release */ = {
			isa = XCBuildConfiguration;
			buildSettings = {
				ALWAYS_EMBED_SWIFT_STANDARD_LIBRARIES = YES;
				CODE_SIGN_STYLE = Automatic;
				CURRENT_PROJECT_VERSION = 1;
				DEVELOPMENT_TEAM = 934B8YAZ3D;
				GENERATE_INFOPLIST_FILE = YES;
				MARKETING_VERSION = 1.0;
				PRODUCT_BUNDLE_IDENTIFIER = com.Teddy.OneboardControllerUITests;
				PRODUCT_NAME = "$(TARGET_NAME)";
				SWIFT_EMIT_LOC_STRINGS = NO;
				SWIFT_VERSION = 5.0;
				TARGETED_DEVICE_FAMILY = "1,2";
				TEST_TARGET_NAME = OneboardController;
			};
			name = Release;
		};
/* End XCBuildConfiguration section */

/* Begin XCConfigurationList section */
		B3279B3F28AD045A00294FA6 /* Build configuration list for PBXProject "OneboardController" */ = {
			isa = XCConfigurationList;
			buildConfigurations = (
				B3279B6C28AD045C00294FA6 /* Debug */,
				B3279B6D28AD045C00294FA6 /* Release */,
			);
			defaultConfigurationIsVisible = 0;
			defaultConfigurationName = Release;
		};
		B3279B6E28AD045C00294FA6 /* Build configuration list for PBXNativeTarget "OneboardController" */ = {
			isa = XCConfigurationList;
			buildConfigurations = (
				B3279B6F28AD045C00294FA6 /* Debug */,
				B3279B7028AD045C00294FA6 /* Release */,
			);
			defaultConfigurationIsVisible = 0;
			defaultConfigurationName = Release;
		};
		B3279B7128AD045C00294FA6 /* Build configuration list for PBXNativeTarget "OneboardControllerTests" */ = {
			isa = XCConfigurationList;
			buildConfigurations = (
				B3279B7228AD045C00294FA6 /* Debug */,
				B3279B7328AD045C00294FA6 /* Release */,
			);
			defaultConfigurationIsVisible = 0;
			defaultConfigurationName = Release;
		};
		B3279B7428AD045C00294FA6 /* Build configuration list for PBXNativeTarget "OneboardControllerUITests" */ = {
			isa = XCConfigurationList;
			buildConfigurations = (
				B3279B7528AD045C00294FA6 /* Debug */,
				B3279B7628AD045C00294FA6 /* Release */,
			);
			defaultConfigurationIsVisible = 0;
			defaultConfigurationName = Release;
		};
/* End XCConfigurationList section */
	};
	rootObject = B3279B3C28AD045A00294FA6 /* Project object */;
}
